
Microsoft Visual Studio Solution File, Format Version 12.00
# Visual Studio 15
VisualStudioVersion = 15.0.27130.2010
MinimumVisualStudioVersion = 10.0.40219.1
Project("{FAE04EC0-301F-11D3-BF4B-00C04F79EFBC}") = "FriendNav.Droid", "FriendNav\FriendNav.Droid\FriendNav.Droid.csproj", "{B069646B-E751-4119-990A-002D81BF74B3}"
EndProject
Project("{FAE04EC0-301F-11D3-BF4B-00C04F79EFBC}") = "FriendNav.iOS", "FriendNav\FriendNav.iOS\FriendNav.iOS.csproj", "{533269E7-DD54-43EA-91F4-225AC959680A}"
EndProject
Project("{FAE04EC0-301F-11D3-BF4B-00C04F79EFBC}") = "FriendNav.UWP", "FriendNav\FriendNav.UWP\FriendNav.UWP.csproj", "{E32D6CF5-8F4F-4221-AA1B-209AC63CA09B}"
EndProject
Project("{FAE04EC0-301F-11D3-BF4B-00C04F79EFBC}") = "FriendNav.WPF", "FriendNav\FriendNav.WPF\FriendNav.WPF.csproj", "{D7CCFC7E-187D-41D3-97E4-0E5008104385}"
EndProject
Project("{9A19103F-16F7-4668-BE54-9A1E7A4F7556}") = "FriendNav.Core", "FriendNav\FriendNav.Core\FriendNav.Core.csproj", "{8F745AC3-662F-417F-AF22-D554BB1499CD}"
EndProject
Project("{FAE04EC0-301F-11D3-BF4B-00C04F79EFBC}") = "FriendNav.Core.Tests", "FriendNav\FriendNav.Core.Tests\FriendNav.Core.Tests.csproj", "{1557A9AF-730E-4FA9-A40F-95E1BBDCD3D0}"
EndProject
Project("{FAE04EC0-301F-11D3-BF4B-00C04F79EFBC}") = "FriendNav.Core.IntegrationTests", "FriendNav\FriendNav.Core.IntegrationTests\FriendNav.Core.IntegrationTests.csproj", "{73508136-4029-44A7-AC38-97A49AFD0EC9}"
EndProject
Global
	GlobalSection(SolutionConfigurationPlatforms) = preSolution
		Ad-Hoc|Any CPU = Ad-Hoc|Any CPU
		Ad-Hoc|ARM = Ad-Hoc|ARM
		Ad-Hoc|iPhone = Ad-Hoc|iPhone
		Ad-Hoc|iPhoneSimulator = Ad-Hoc|iPhoneSimulator
		Ad-Hoc|x64 = Ad-Hoc|x64
		Ad-Hoc|x86 = Ad-Hoc|x86
		AppStore|Any CPU = AppStore|Any CPU
		AppStore|ARM = AppStore|ARM
		AppStore|iPhone = AppStore|iPhone
		AppStore|iPhoneSimulator = AppStore|iPhoneSimulator
		AppStore|x64 = AppStore|x64
		AppStore|x86 = AppStore|x86
		Debug|Any CPU = Debug|Any CPU
		Debug|ARM = Debug|ARM
		Debug|iPhone = Debug|iPhone
		Debug|iPhoneSimulator = Debug|iPhoneSimulator
		Debug|x64 = Debug|x64
		Debug|x86 = Debug|x86
		Release|Any CPU = Release|Any CPU
		Release|ARM = Release|ARM
		Release|iPhone = Release|iPhone
		Release|iPhoneSimulator = Release|iPhoneSimulator
		Release|x64 = Release|x64
		Release|x86 = Release|x86
	EndGlobalSection
	GlobalSection(ProjectConfigurationPlatforms) = postSolution
		{B069646B-E751-4119-990A-002D81BF74B3}.Ad-Hoc|Any CPU.ActiveCfg = Release|Any CPU
		{B069646B-E751-4119-990A-002D81BF74B3}.Ad-Hoc|Any CPU.Build.0 = Release|Any CPU
		{B069646B-E751-4119-990A-002D81BF74B3}.Ad-Hoc|Any CPU.Deploy.0 = Release|Any CPU
		{B069646B-E751-4119-990A-002D81BF74B3}.Ad-Hoc|ARM.ActiveCfg = Release|Any CPU
		{B069646B-E751-4119-990A-002D81BF74B3}.Ad-Hoc|ARM.Build.0 = Release|Any CPU
		{B069646B-E751-4119-990A-002D81BF74B3}.Ad-Hoc|ARM.Deploy.0 = Release|Any CPU
		{B069646B-E751-4119-990A-002D81BF74B3}.Ad-Hoc|iPhone.ActiveCfg = Release|Any CPU
		{B069646B-E751-4119-990A-002D81BF74B3}.Ad-Hoc|iPhone.Build.0 = Release|Any CPU
		{B069646B-E751-4119-990A-002D81BF74B3}.Ad-Hoc|iPhone.Deploy.0 = Release|Any CPU
		{B069646B-E751-4119-990A-002D81BF74B3}.Ad-Hoc|iPhoneSimulator.ActiveCfg = Release|Any CPU
		{B069646B-E751-4119-990A-002D81BF74B3}.Ad-Hoc|iPhoneSimulator.Build.0 = Release|Any CPU
		{B069646B-E751-4119-990A-002D81BF74B3}.Ad-Hoc|iPhoneSimulator.Deploy.0 = Release|Any CPU
		{B069646B-E751-4119-990A-002D81BF74B3}.Ad-Hoc|x64.ActiveCfg = Release|Any CPU
		{B069646B-E751-4119-990A-002D81BF74B3}.Ad-Hoc|x64.Build.0 = Release|Any CPU
		{B069646B-E751-4119-990A-002D81BF74B3}.Ad-Hoc|x64.Deploy.0 = Release|Any CPU
		{B069646B-E751-4119-990A-002D81BF74B3}.Ad-Hoc|x86.ActiveCfg = Release|Any CPU
		{B069646B-E751-4119-990A-002D81BF74B3}.Ad-Hoc|x86.Build.0 = Release|Any CPU
		{B069646B-E751-4119-990A-002D81BF74B3}.Ad-Hoc|x86.Deploy.0 = Release|Any CPU
		{B069646B-E751-4119-990A-002D81BF74B3}.AppStore|Any CPU.ActiveCfg = Release|Any CPU
		{B069646B-E751-4119-990A-002D81BF74B3}.AppStore|Any CPU.Build.0 = Release|Any CPU
		{B069646B-E751-4119-990A-002D81BF74B3}.AppStore|Any CPU.Deploy.0 = Release|Any CPU
		{B069646B-E751-4119-990A-002D81BF74B3}.AppStore|ARM.ActiveCfg = Release|Any CPU
		{B069646B-E751-4119-990A-002D81BF74B3}.AppStore|ARM.Build.0 = Release|Any CPU
		{B069646B-E751-4119-990A-002D81BF74B3}.AppStore|ARM.Deploy.0 = Release|Any CPU
		{B069646B-E751-4119-990A-002D81BF74B3}.AppStore|iPhone.ActiveCfg = Release|Any CPU
		{B069646B-E751-4119-990A-002D81BF74B3}.AppStore|iPhone.Build.0 = Release|Any CPU
		{B069646B-E751-4119-990A-002D81BF74B3}.AppStore|iPhone.Deploy.0 = Release|Any CPU
		{B069646B-E751-4119-990A-002D81BF74B3}.AppStore|iPhoneSimulator.ActiveCfg = Release|Any CPU
		{B069646B-E751-4119-990A-002D81BF74B3}.AppStore|iPhoneSimulator.Build.0 = Release|Any CPU
		{B069646B-E751-4119-990A-002D81BF74B3}.AppStore|iPhoneSimulator.Deploy.0 = Release|Any CPU
		{B069646B-E751-4119-990A-002D81BF74B3}.AppStore|x64.ActiveCfg = Release|Any CPU
		{B069646B-E751-4119-990A-002D81BF74B3}.AppStore|x64.Build.0 = Release|Any CPU
		{B069646B-E751-4119-990A-002D81BF74B3}.AppStore|x64.Deploy.0 = Release|Any CPU
		{B069646B-E751-4119-990A-002D81BF74B3}.AppStore|x86.ActiveCfg = Release|Any CPU
		{B069646B-E751-4119-990A-002D81BF74B3}.AppStore|x86.Build.0 = Release|Any CPU
		{B069646B-E751-4119-990A-002D81BF74B3}.AppStore|x86.Deploy.0 = Release|Any CPU
		{B069646B-E751-4119-990A-002D81BF74B3}.Debug|Any CPU.ActiveCfg = Debug|Any CPU
		{B069646B-E751-4119-990A-002D81BF74B3}.Debug|Any CPU.Build.0 = Debug|Any CPU
		{B069646B-E751-4119-990A-002D81BF74B3}.Debug|Any CPU.Deploy.0 = Debug|Any CPU
		{B069646B-E751-4119-990A-002D81BF74B3}.Debug|ARM.ActiveCfg = Debug|Any CPU
		{B069646B-E751-4119-990A-002D81BF74B3}.Debug|ARM.Build.0 = Debug|Any CPU
		{B069646B-E751-4119-990A-002D81BF74B3}.Debug|ARM.Deploy.0 = Debug|Any CPU
		{B069646B-E751-4119-990A-002D81BF74B3}.Debug|iPhone.ActiveCfg = Debug|Any CPU
		{B069646B-E751-4119-990A-002D81BF74B3}.Debug|iPhone.Build.0 = Debug|Any CPU
		{B069646B-E751-4119-990A-002D81BF74B3}.Debug|iPhone.Deploy.0 = Debug|Any CPU
		{B069646B-E751-4119-990A-002D81BF74B3}.Debug|iPhoneSimulator.ActiveCfg = Debug|Any CPU
		{B069646B-E751-4119-990A-002D81BF74B3}.Debug|iPhoneSimulator.Build.0 = Debug|Any CPU
		{B069646B-E751-4119-990A-002D81BF74B3}.Debug|iPhoneSimulator.Deploy.0 = Debug|Any CPU
		{B069646B-E751-4119-990A-002D81BF74B3}.Debug|x64.ActiveCfg = Debug|Any CPU
		{B069646B-E751-4119-990A-002D81BF74B3}.Debug|x64.Build.0 = Debug|Any CPU
		{B069646B-E751-4119-990A-002D81BF74B3}.Debug|x64.Deploy.0 = Debug|Any CPU
		{B069646B-E751-4119-990A-002D81BF74B3}.Debug|x86.ActiveCfg = Debug|Any CPU
		{B069646B-E751-4119-990A-002D81BF74B3}.Debug|x86.Build.0 = Debug|Any CPU
		{B069646B-E751-4119-990A-002D81BF74B3}.Debug|x86.Deploy.0 = Debug|Any CPU
		{B069646B-E751-4119-990A-002D81BF74B3}.Release|Any CPU.ActiveCfg = Release|Any CPU
		{B069646B-E751-4119-990A-002D81BF74B3}.Release|Any CPU.Build.0 = Release|Any CPU
		{B069646B-E751-4119-990A-002D81BF74B3}.Release|Any CPU.Deploy.0 = Release|Any CPU
		{B069646B-E751-4119-990A-002D81BF74B3}.Release|ARM.ActiveCfg = Release|Any CPU
		{B069646B-E751-4119-990A-002D81BF74B3}.Release|ARM.Build.0 = Release|Any CPU
		{B069646B-E751-4119-990A-002D81BF74B3}.Release|ARM.Deploy.0 = Release|Any CPU
		{B069646B-E751-4119-990A-002D81BF74B3}.Release|iPhone.ActiveCfg = Release|Any CPU
		{B069646B-E751-4119-990A-002D81BF74B3}.Release|iPhone.Build.0 = Release|Any CPU
		{B069646B-E751-4119-990A-002D81BF74B3}.Release|iPhone.Deploy.0 = Release|Any CPU
		{B069646B-E751-4119-990A-002D81BF74B3}.Release|iPhoneSimulator.ActiveCfg = Release|Any CPU
		{B069646B-E751-4119-990A-002D81BF74B3}.Release|iPhoneSimulator.Build.0 = Release|Any CPU
		{B069646B-E751-4119-990A-002D81BF74B3}.Release|iPhoneSimulator.Deploy.0 = Release|Any CPU
		{B069646B-E751-4119-990A-002D81BF74B3}.Release|x64.ActiveCfg = Release|Any CPU
		{B069646B-E751-4119-990A-002D81BF74B3}.Release|x64.Build.0 = Release|Any CPU
		{B069646B-E751-4119-990A-002D81BF74B3}.Release|x64.Deploy.0 = Release|Any CPU
		{B069646B-E751-4119-990A-002D81BF74B3}.Release|x86.ActiveCfg = Release|Any CPU
		{B069646B-E751-4119-990A-002D81BF74B3}.Release|x86.Build.0 = Release|Any CPU
		{B069646B-E751-4119-990A-002D81BF74B3}.Release|x86.Deploy.0 = Release|Any CPU
		{533269E7-DD54-43EA-91F4-225AC959680A}.Ad-Hoc|Any CPU.ActiveCfg = Ad-Hoc|iPhone
		{533269E7-DD54-43EA-91F4-225AC959680A}.Ad-Hoc|ARM.ActiveCfg = Ad-Hoc|iPhone
		{533269E7-DD54-43EA-91F4-225AC959680A}.Ad-Hoc|iPhone.ActiveCfg = Ad-Hoc|iPhone
		{533269E7-DD54-43EA-91F4-225AC959680A}.Ad-Hoc|iPhone.Build.0 = Ad-Hoc|iPhone
		{533269E7-DD54-43EA-91F4-225AC959680A}.Ad-Hoc|iPhoneSimulator.ActiveCfg = Ad-Hoc|iPhoneSimulator
		{533269E7-DD54-43EA-91F4-225AC959680A}.Ad-Hoc|iPhoneSimulator.Build.0 = Ad-Hoc|iPhoneSimulator
		{533269E7-DD54-43EA-91F4-225AC959680A}.Ad-Hoc|x64.ActiveCfg = Ad-Hoc|iPhone
		{533269E7-DD54-43EA-91F4-225AC959680A}.Ad-Hoc|x86.ActiveCfg = Ad-Hoc|iPhone
		{533269E7-DD54-43EA-91F4-225AC959680A}.AppStore|Any CPU.ActiveCfg = AppStore|iPhone
		{533269E7-DD54-43EA-91F4-225AC959680A}.AppStore|ARM.ActiveCfg = AppStore|iPhone
		{533269E7-DD54-43EA-91F4-225AC959680A}.AppStore|iPhone.ActiveCfg = AppStore|iPhone
		{533269E7-DD54-43EA-91F4-225AC959680A}.AppStore|iPhone.Build.0 = AppStore|iPhone
		{533269E7-DD54-43EA-91F4-225AC959680A}.AppStore|iPhoneSimulator.ActiveCfg = AppStore|iPhoneSimulator
		{533269E7-DD54-43EA-91F4-225AC959680A}.AppStore|iPhoneSimulator.Build.0 = AppStore|iPhoneSimulator
		{533269E7-DD54-43EA-91F4-225AC959680A}.AppStore|x64.ActiveCfg = AppStore|iPhone
		{533269E7-DD54-43EA-91F4-225AC959680A}.AppStore|x86.ActiveCfg = AppStore|iPhone
		{533269E7-DD54-43EA-91F4-225AC959680A}.Debug|Any CPU.ActiveCfg = Debug|iPhone
		{533269E7-DD54-43EA-91F4-225AC959680A}.Debug|ARM.ActiveCfg = Debug|iPhone
		{533269E7-DD54-43EA-91F4-225AC959680A}.Debug|iPhone.ActiveCfg = Debug|iPhone
		{533269E7-DD54-43EA-91F4-225AC959680A}.Debug|iPhone.Build.0 = Debug|iPhone
		{533269E7-DD54-43EA-91F4-225AC959680A}.Debug|iPhoneSimulator.ActiveCfg = Debug|iPhoneSimulator
		{533269E7-DD54-43EA-91F4-225AC959680A}.Debug|iPhoneSimulator.Build.0 = Debug|iPhoneSimulator
		{533269E7-DD54-43EA-91F4-225AC959680A}.Debug|x64.ActiveCfg = Debug|iPhone
		{533269E7-DD54-43EA-91F4-225AC959680A}.Debug|x86.ActiveCfg = Debug|iPhone
		{533269E7-DD54-43EA-91F4-225AC959680A}.Release|Any CPU.ActiveCfg = Release|iPhone
		{533269E7-DD54-43EA-91F4-225AC959680A}.Release|ARM.ActiveCfg = Release|iPhone
		{533269E7-DD54-43EA-91F4-225AC959680A}.Release|iPhone.ActiveCfg = Release|iPhone
		{533269E7-DD54-43EA-91F4-225AC959680A}.Release|iPhone.Build.0 = Release|iPhone
		{533269E7-DD54-43EA-91F4-225AC959680A}.Release|iPhoneSimulator.ActiveCfg = Release|iPhoneSimulator
		{533269E7-DD54-43EA-91F4-225AC959680A}.Release|iPhoneSimulator.Build.0 = Release|iPhoneSimulator
		{533269E7-DD54-43EA-91F4-225AC959680A}.Release|x64.ActiveCfg = Release|iPhone
		{533269E7-DD54-43EA-91F4-225AC959680A}.Release|x86.ActiveCfg = Release|iPhone
		{E32D6CF5-8F4F-4221-AA1B-209AC63CA09B}.Ad-Hoc|Any CPU.ActiveCfg = Release|x64
		{E32D6CF5-8F4F-4221-AA1B-209AC63CA09B}.Ad-Hoc|Any CPU.Build.0 = Release|x64
		{E32D6CF5-8F4F-4221-AA1B-209AC63CA09B}.Ad-Hoc|Any CPU.Deploy.0 = Release|x64
		{E32D6CF5-8F4F-4221-AA1B-209AC63CA09B}.Ad-Hoc|ARM.ActiveCfg = Release|ARM
		{E32D6CF5-8F4F-4221-AA1B-209AC63CA09B}.Ad-Hoc|ARM.Build.0 = Release|ARM
		{E32D6CF5-8F4F-4221-AA1B-209AC63CA09B}.Ad-Hoc|ARM.Deploy.0 = Release|ARM
		{E32D6CF5-8F4F-4221-AA1B-209AC63CA09B}.Ad-Hoc|iPhone.ActiveCfg = Release|x64
		{E32D6CF5-8F4F-4221-AA1B-209AC63CA09B}.Ad-Hoc|iPhone.Build.0 = Release|x64
		{E32D6CF5-8F4F-4221-AA1B-209AC63CA09B}.Ad-Hoc|iPhone.Deploy.0 = Release|x64
		{E32D6CF5-8F4F-4221-AA1B-209AC63CA09B}.Ad-Hoc|iPhoneSimulator.ActiveCfg = Release|x64
		{E32D6CF5-8F4F-4221-AA1B-209AC63CA09B}.Ad-Hoc|iPhoneSimulator.Build.0 = Release|x64
		{E32D6CF5-8F4F-4221-AA1B-209AC63CA09B}.Ad-Hoc|iPhoneSimulator.Deploy.0 = Release|x64
		{E32D6CF5-8F4F-4221-AA1B-209AC63CA09B}.Ad-Hoc|x64.ActiveCfg = Release|x64
		{E32D6CF5-8F4F-4221-AA1B-209AC63CA09B}.Ad-Hoc|x64.Build.0 = Release|x64
		{E32D6CF5-8F4F-4221-AA1B-209AC63CA09B}.Ad-Hoc|x64.Deploy.0 = Release|x64
		{E32D6CF5-8F4F-4221-AA1B-209AC63CA09B}.Ad-Hoc|x86.ActiveCfg = Release|x86
		{E32D6CF5-8F4F-4221-AA1B-209AC63CA09B}.Ad-Hoc|x86.Build.0 = Release|x86
		{E32D6CF5-8F4F-4221-AA1B-209AC63CA09B}.Ad-Hoc|x86.Deploy.0 = Release|x86
		{E32D6CF5-8F4F-4221-AA1B-209AC63CA09B}.AppStore|Any CPU.ActiveCfg = Release|x64
		{E32D6CF5-8F4F-4221-AA1B-209AC63CA09B}.AppStore|Any CPU.Build.0 = Release|x64
		{E32D6CF5-8F4F-4221-AA1B-209AC63CA09B}.AppStore|Any CPU.Deploy.0 = Release|x64
		{E32D6CF5-8F4F-4221-AA1B-209AC63CA09B}.AppStore|ARM.ActiveCfg = Release|ARM
		{E32D6CF5-8F4F-4221-AA1B-209AC63CA09B}.AppStore|ARM.Build.0 = Release|ARM
		{E32D6CF5-8F4F-4221-AA1B-209AC63CA09B}.AppStore|ARM.Deploy.0 = Release|ARM
		{E32D6CF5-8F4F-4221-AA1B-209AC63CA09B}.AppStore|iPhone.ActiveCfg = Release|x64
		{E32D6CF5-8F4F-4221-AA1B-209AC63CA09B}.AppStore|iPhone.Build.0 = Release|x64
		{E32D6CF5-8F4F-4221-AA1B-209AC63CA09B}.AppStore|iPhone.Deploy.0 = Release|x64
		{E32D6CF5-8F4F-4221-AA1B-209AC63CA09B}.AppStore|iPhoneSimulator.ActiveCfg = Release|x64
		{E32D6CF5-8F4F-4221-AA1B-209AC63CA09B}.AppStore|iPhoneSimulator.Build.0 = Release|x64
		{E32D6CF5-8F4F-4221-AA1B-209AC63CA09B}.AppStore|iPhoneSimulator.Deploy.0 = Release|x64
		{E32D6CF5-8F4F-4221-AA1B-209AC63CA09B}.AppStore|x64.ActiveCfg = Release|x64
		{E32D6CF5-8F4F-4221-AA1B-209AC63CA09B}.AppStore|x64.Build.0 = Release|x64
		{E32D6CF5-8F4F-4221-AA1B-209AC63CA09B}.AppStore|x64.Deploy.0 = Release|x64
		{E32D6CF5-8F4F-4221-AA1B-209AC63CA09B}.AppStore|x86.ActiveCfg = Release|x86
		{E32D6CF5-8F4F-4221-AA1B-209AC63CA09B}.AppStore|x86.Build.0 = Release|x86
		{E32D6CF5-8F4F-4221-AA1B-209AC63CA09B}.AppStore|x86.Deploy.0 = Release|x86
		{E32D6CF5-8F4F-4221-AA1B-209AC63CA09B}.Debug|Any CPU.ActiveCfg = Debug|x86
		{E32D6CF5-8F4F-4221-AA1B-209AC63CA09B}.Debug|ARM.ActiveCfg = Debug|ARM
		{E32D6CF5-8F4F-4221-AA1B-209AC63CA09B}.Debug|ARM.Build.0 = Debug|ARM
		{E32D6CF5-8F4F-4221-AA1B-209AC63CA09B}.Debug|ARM.Deploy.0 = Debug|ARM
		{E32D6CF5-8F4F-4221-AA1B-209AC63CA09B}.Debug|iPhone.ActiveCfg = Debug|x86
		{E32D6CF5-8F4F-4221-AA1B-209AC63CA09B}.Debug|iPhoneSimulator.ActiveCfg = Debug|x86
		{E32D6CF5-8F4F-4221-AA1B-209AC63CA09B}.Debug|x64.ActiveCfg = Debug|x64
		{E32D6CF5-8F4F-4221-AA1B-209AC63CA09B}.Debug|x64.Build.0 = Debug|x64
		{E32D6CF5-8F4F-4221-AA1B-209AC63CA09B}.Debug|x64.Deploy.0 = Debug|x64
		{E32D6CF5-8F4F-4221-AA1B-209AC63CA09B}.Debug|x86.ActiveCfg = Debug|x86
		{E32D6CF5-8F4F-4221-AA1B-209AC63CA09B}.Debug|x86.Build.0 = Debug|x86
		{E32D6CF5-8F4F-4221-AA1B-209AC63CA09B}.Debug|x86.Deploy.0 = Debug|x86
		{E32D6CF5-8F4F-4221-AA1B-209AC63CA09B}.Release|Any CPU.ActiveCfg = Release|x86
		{E32D6CF5-8F4F-4221-AA1B-209AC63CA09B}.Release|ARM.ActiveCfg = Release|ARM
		{E32D6CF5-8F4F-4221-AA1B-209AC63CA09B}.Release|ARM.Build.0 = Release|ARM
		{E32D6CF5-8F4F-4221-AA1B-209AC63CA09B}.Release|ARM.Deploy.0 = Release|ARM
		{E32D6CF5-8F4F-4221-AA1B-209AC63CA09B}.Release|iPhone.ActiveCfg = Release|x86
		{E32D6CF5-8F4F-4221-AA1B-209AC63CA09B}.Release|iPhoneSimulator.ActiveCfg = Release|x86
		{E32D6CF5-8F4F-4221-AA1B-209AC63CA09B}.Release|x64.ActiveCfg = Release|x64
		{E32D6CF5-8F4F-4221-AA1B-209AC63CA09B}.Release|x64.Build.0 = Release|x64
		{E32D6CF5-8F4F-4221-AA1B-209AC63CA09B}.Release|x64.Deploy.0 = Release|x64
		{E32D6CF5-8F4F-4221-AA1B-209AC63CA09B}.Release|x86.ActiveCfg = Release|x86
		{E32D6CF5-8F4F-4221-AA1B-209AC63CA09B}.Release|x86.Build.0 = Release|x86
		{E32D6CF5-8F4F-4221-AA1B-209AC63CA09B}.Release|x86.Deploy.0 = Release|x86
		{D7CCFC7E-187D-41D3-97E4-0E5008104385}.Ad-Hoc|Any CPU.ActiveCfg = Release|Any CPU
		{D7CCFC7E-187D-41D3-97E4-0E5008104385}.Ad-Hoc|Any CPU.Build.0 = Release|Any CPU
		{D7CCFC7E-187D-41D3-97E4-0E5008104385}.Ad-Hoc|ARM.ActiveCfg = Release|Any CPU
		{D7CCFC7E-187D-41D3-97E4-0E5008104385}.Ad-Hoc|ARM.Build.0 = Release|Any CPU
		{D7CCFC7E-187D-41D3-97E4-0E5008104385}.Ad-Hoc|iPhone.ActiveCfg = Release|Any CPU
		{D7CCFC7E-187D-41D3-97E4-0E5008104385}.Ad-Hoc|iPhone.Build.0 = Release|Any CPU
		{D7CCFC7E-187D-41D3-97E4-0E5008104385}.Ad-Hoc|iPhoneSimulator.ActiveCfg = Release|Any CPU
		{D7CCFC7E-187D-41D3-97E4-0E5008104385}.Ad-Hoc|iPhoneSimulator.Build.0 = Release|Any CPU
		{D7CCFC7E-187D-41D3-97E4-0E5008104385}.Ad-Hoc|x64.ActiveCfg = Release|Any CPU
		{D7CCFC7E-187D-41D3-97E4-0E5008104385}.Ad-Hoc|x64.Build.0 = Release|Any CPU
		{D7CCFC7E-187D-41D3-97E4-0E5008104385}.Ad-Hoc|x86.ActiveCfg = Release|Any CPU
		{D7CCFC7E-187D-41D3-97E4-0E5008104385}.Ad-Hoc|x86.Build.0 = Release|Any CPU
		{D7CCFC7E-187D-41D3-97E4-0E5008104385}.AppStore|Any CPU.ActiveCfg = Release|Any CPU
		{D7CCFC7E-187D-41D3-97E4-0E5008104385}.AppStore|Any CPU.Build.0 = Release|Any CPU
		{D7CCFC7E-187D-41D3-97E4-0E5008104385}.AppStore|ARM.ActiveCfg = Release|Any CPU
		{D7CCFC7E-187D-41D3-97E4-0E5008104385}.AppStore|ARM.Build.0 = Release|Any CPU
		{D7CCFC7E-187D-41D3-97E4-0E5008104385}.AppStore|iPhone.ActiveCfg = Release|Any CPU
		{D7CCFC7E-187D-41D3-97E4-0E5008104385}.AppStore|iPhone.Build.0 = Release|Any CPU
		{D7CCFC7E-187D-41D3-97E4-0E5008104385}.AppStore|iPhoneSimulator.ActiveCfg = Release|Any CPU
		{D7CCFC7E-187D-41D3-97E4-0E5008104385}.AppStore|iPhoneSimulator.Build.0 = Release|Any CPU
		{D7CCFC7E-187D-41D3-97E4-0E5008104385}.AppStore|x64.ActiveCfg = Release|Any CPU
		{D7CCFC7E-187D-41D3-97E4-0E5008104385}.AppStore|x64.Build.0 = Release|Any CPU
		{D7CCFC7E-187D-41D3-97E4-0E5008104385}.AppStore|x86.ActiveCfg = Release|Any CPU
		{D7CCFC7E-187D-41D3-97E4-0E5008104385}.AppStore|x86.Build.0 = Release|Any CPU
		{D7CCFC7E-187D-41D3-97E4-0E5008104385}.Debug|Any CPU.ActiveCfg = Debug|Any CPU
		{D7CCFC7E-187D-41D3-97E4-0E5008104385}.Debug|Any CPU.Build.0 = Debug|Any CPU
		{D7CCFC7E-187D-41D3-97E4-0E5008104385}.Debug|ARM.ActiveCfg = Debug|Any CPU
		{D7CCFC7E-187D-41D3-97E4-0E5008104385}.Debug|ARM.Build.0 = Debug|Any CPU
		{D7CCFC7E-187D-41D3-97E4-0E5008104385}.Debug|iPhone.ActiveCfg = Debug|Any CPU
		{D7CCFC7E-187D-41D3-97E4-0E5008104385}.Debug|iPhone.Build.0 = Debug|Any CPU
		{D7CCFC7E-187D-41D3-97E4-0E5008104385}.Debug|iPhoneSimulator.ActiveCfg = Debug|Any CPU
		{D7CCFC7E-187D-41D3-97E4-0E5008104385}.Debug|iPhoneSimulator.Build.0 = Debug|Any CPU
		{D7CCFC7E-187D-41D3-97E4-0E5008104385}.Debug|x64.ActiveCfg = Debug|Any CPU
		{D7CCFC7E-187D-41D3-97E4-0E5008104385}.Debug|x64.Build.0 = Debug|Any CPU
		{D7CCFC7E-187D-41D3-97E4-0E5008104385}.Debug|x86.ActiveCfg = Debug|Any CPU
		{D7CCFC7E-187D-41D3-97E4-0E5008104385}.Debug|x86.Build.0 = Debug|Any CPU
		{D7CCFC7E-187D-41D3-97E4-0E5008104385}.Release|Any CPU.ActiveCfg = Release|Any CPU
		{D7CCFC7E-187D-41D3-97E4-0E5008104385}.Release|Any CPU.Build.0 = Release|Any CPU
		{D7CCFC7E-187D-41D3-97E4-0E5008104385}.Release|ARM.ActiveCfg = Release|Any CPU
		{D7CCFC7E-187D-41D3-97E4-0E5008104385}.Release|ARM.Build.0 = Release|Any CPU
		{D7CCFC7E-187D-41D3-97E4-0E5008104385}.Release|iPhone.ActiveCfg = Release|Any CPU
		{D7CCFC7E-187D-41D3-97E4-0E5008104385}.Release|iPhone.Build.0 = Release|Any CPU
		{D7CCFC7E-187D-41D3-97E4-0E5008104385}.Release|iPhoneSimulator.ActiveCfg = Release|Any CPU
		{D7CCFC7E-187D-41D3-97E4-0E5008104385}.Release|iPhoneSimulator.Build.0 = Release|Any CPU
		{D7CCFC7E-187D-41D3-97E4-0E5008104385}.Release|x64.ActiveCfg = Release|Any CPU
		{D7CCFC7E-187D-41D3-97E4-0E5008104385}.Release|x64.Build.0 = Release|Any CPU
		{D7CCFC7E-187D-41D3-97E4-0E5008104385}.Release|x86.ActiveCfg = Release|Any CPU
		{D7CCFC7E-187D-41D3-97E4-0E5008104385}.Release|x86.Build.0 = Release|Any CPU
		{8F745AC3-662F-417F-AF22-D554BB1499CD}.Ad-Hoc|Any CPU.ActiveCfg = Debug|Any CPU
		{8F745AC3-662F-417F-AF22-D554BB1499CD}.Ad-Hoc|Any CPU.Build.0 = Debug|Any CPU
		{8F745AC3-662F-417F-AF22-D554BB1499CD}.Ad-Hoc|ARM.ActiveCfg = Debug|Any CPU
		{8F745AC3-662F-417F-AF22-D554BB1499CD}.Ad-Hoc|ARM.Build.0 = Debug|Any CPU
		{8F745AC3-662F-417F-AF22-D554BB1499CD}.Ad-Hoc|iPhone.ActiveCfg = Debug|Any CPU
		{8F745AC3-662F-417F-AF22-D554BB1499CD}.Ad-Hoc|iPhone.Build.0 = Debug|Any CPU
		{8F745AC3-662F-417F-AF22-D554BB1499CD}.Ad-Hoc|iPhoneSimulator.ActiveCfg = Debug|Any CPU
		{8F745AC3-662F-417F-AF22-D554BB1499CD}.Ad-Hoc|iPhoneSimulator.Build.0 = Debug|Any CPU
		{8F745AC3-662F-417F-AF22-D554BB1499CD}.Ad-Hoc|x64.ActiveCfg = Debug|Any CPU
		{8F745AC3-662F-417F-AF22-D554BB1499CD}.Ad-Hoc|x64.Build.0 = Debug|Any CPU
		{8F745AC3-662F-417F-AF22-D554BB1499CD}.Ad-Hoc|x86.ActiveCfg = Debug|Any CPU
		{8F745AC3-662F-417F-AF22-D554BB1499CD}.Ad-Hoc|x86.Build.0 = Debug|Any CPU
		{8F745AC3-662F-417F-AF22-D554BB1499CD}.AppStore|Any CPU.ActiveCfg = Debug|Any CPU
		{8F745AC3-662F-417F-AF22-D554BB1499CD}.AppStore|Any CPU.Build.0 = Debug|Any CPU
		{8F745AC3-662F-417F-AF22-D554BB1499CD}.AppStore|ARM.ActiveCfg = Debug|Any CPU
		{8F745AC3-662F-417F-AF22-D554BB1499CD}.AppStore|ARM.Build.0 = Debug|Any CPU
		{8F745AC3-662F-417F-AF22-D554BB1499CD}.AppStore|iPhone.ActiveCfg = Debug|Any CPU
		{8F745AC3-662F-417F-AF22-D554BB1499CD}.AppStore|iPhone.Build.0 = Debug|Any CPU
		{8F745AC3-662F-417F-AF22-D554BB1499CD}.AppStore|iPhoneSimulator.ActiveCfg = Debug|Any CPU
		{8F745AC3-662F-417F-AF22-D554BB1499CD}.AppStore|iPhoneSimulator.Build.0 = Debug|Any CPU
		{8F745AC3-662F-417F-AF22-D554BB1499CD}.AppStore|x64.ActiveCfg = Debug|Any CPU
		{8F745AC3-662F-417F-AF22-D554BB1499CD}.AppStore|x64.Build.0 = Debug|Any CPU
		{8F745AC3-662F-417F-AF22-D554BB1499CD}.AppStore|x86.ActiveCfg = Debug|Any CPU
		{8F745AC3-662F-417F-AF22-D554BB1499CD}.AppStore|x86.Build.0 = Debug|Any CPU
		{8F745AC3-662F-417F-AF22-D554BB1499CD}.Debug|Any CPU.ActiveCfg = Debug|Any CPU
		{8F745AC3-662F-417F-AF22-D554BB1499CD}.Debug|Any CPU.Build.0 = Debug|Any CPU
		{8F745AC3-662F-417F-AF22-D554BB1499CD}.Debug|ARM.ActiveCfg = Debug|Any CPU
		{8F745AC3-662F-417F-AF22-D554BB1499CD}.Debug|ARM.Build.0 = Debug|Any CPU
		{8F745AC3-662F-417F-AF22-D554BB1499CD}.Debug|iPhone.ActiveCfg = Debug|Any CPU
		{8F745AC3-662F-417F-AF22-D554BB1499CD}.Debug|iPhone.Build.0 = Debug|Any CPU
		{8F745AC3-662F-417F-AF22-D554BB1499CD}.Debug|iPhoneSimulator.ActiveCfg = Debug|Any CPU
		{8F745AC3-662F-417F-AF22-D554BB1499CD}.Debug|iPhoneSimulator.Build.0 = Debug|Any CPU
		{8F745AC3-662F-417F-AF22-D554BB1499CD}.Debug|x64.ActiveCfg = Debug|Any CPU
		{8F745AC3-662F-417F-AF22-D554BB1499CD}.Debug|x64.Build.0 = Debug|Any CPU
		{8F745AC3-662F-417F-AF22-D554BB1499CD}.Debug|x86.ActiveCfg = Debug|Any CPU
		{8F745AC3-662F-417F-AF22-D554BB1499CD}.Debug|x86.Build.0 = Debug|Any CPU
		{8F745AC3-662F-417F-AF22-D554BB1499CD}.Release|Any CPU.ActiveCfg = Release|Any CPU
		{8F745AC3-662F-417F-AF22-D554BB1499CD}.Release|Any CPU.Build.0 = Release|Any CPU
		{8F745AC3-662F-417F-AF22-D554BB1499CD}.Release|ARM.ActiveCfg = Release|Any CPU
		{8F745AC3-662F-417F-AF22-D554BB1499CD}.Release|ARM.Build.0 = Release|Any CPU
		{8F745AC3-662F-417F-AF22-D554BB1499CD}.Release|iPhone.ActiveCfg = Release|Any CPU
		{8F745AC3-662F-417F-AF22-D554BB1499CD}.Release|iPhone.Build.0 = Release|Any CPU
		{8F745AC3-662F-417F-AF22-D554BB1499CD}.Release|iPhoneSimulator.ActiveCfg = Release|Any CPU
		{8F745AC3-662F-417F-AF22-D554BB1499CD}.Release|iPhoneSimulator.Build.0 = Release|Any CPU
		{8F745AC3-662F-417F-AF22-D554BB1499CD}.Release|x64.ActiveCfg = Release|Any CPU
		{8F745AC3-662F-417F-AF22-D554BB1499CD}.Release|x64.Build.0 = Release|Any CPU
		{8F745AC3-662F-417F-AF22-D554BB1499CD}.Release|x86.ActiveCfg = Release|Any CPU
		{8F745AC3-662F-417F-AF22-D554BB1499CD}.Release|x86.Build.0 = Release|Any CPU
		{1557A9AF-730E-4FA9-A40F-95E1BBDCD3D0}.Ad-Hoc|Any CPU.ActiveCfg = Release|Any CPU
		{1557A9AF-730E-4FA9-A40F-95E1BBDCD3D0}.Ad-Hoc|Any CPU.Build.0 = Release|Any CPU
		{1557A9AF-730E-4FA9-A40F-95E1BBDCD3D0}.Ad-Hoc|ARM.ActiveCfg = Release|Any CPU
		{1557A9AF-730E-4FA9-A40F-95E1BBDCD3D0}.Ad-Hoc|ARM.Build.0 = Release|Any CPU
		{1557A9AF-730E-4FA9-A40F-95E1BBDCD3D0}.Ad-Hoc|iPhone.ActiveCfg = Release|Any CPU
		{1557A9AF-730E-4FA9-A40F-95E1BBDCD3D0}.Ad-Hoc|iPhone.Build.0 = Release|Any CPU
		{1557A9AF-730E-4FA9-A40F-95E1BBDCD3D0}.Ad-Hoc|iPhoneSimulator.ActiveCfg = Release|Any CPU
		{1557A9AF-730E-4FA9-A40F-95E1BBDCD3D0}.Ad-Hoc|iPhoneSimulator.Build.0 = Release|Any CPU
		{1557A9AF-730E-4FA9-A40F-95E1BBDCD3D0}.Ad-Hoc|x64.ActiveCfg = Release|Any CPU
		{1557A9AF-730E-4FA9-A40F-95E1BBDCD3D0}.Ad-Hoc|x64.Build.0 = Release|Any CPU
		{1557A9AF-730E-4FA9-A40F-95E1BBDCD3D0}.Ad-Hoc|x86.ActiveCfg = Release|Any CPU
		{1557A9AF-730E-4FA9-A40F-95E1BBDCD3D0}.Ad-Hoc|x86.Build.0 = Release|Any CPU
		{1557A9AF-730E-4FA9-A40F-95E1BBDCD3D0}.AppStore|Any CPU.ActiveCfg = Release|Any CPU
		{1557A9AF-730E-4FA9-A40F-95E1BBDCD3D0}.AppStore|Any CPU.Build.0 = Release|Any CPU
		{1557A9AF-730E-4FA9-A40F-95E1BBDCD3D0}.AppStore|ARM.ActiveCfg = Release|Any CPU
		{1557A9AF-730E-4FA9-A40F-95E1BBDCD3D0}.AppStore|ARM.Build.0 = Release|Any CPU
		{1557A9AF-730E-4FA9-A40F-95E1BBDCD3D0}.AppStore|iPhone.ActiveCfg = Release|Any CPU
		{1557A9AF-730E-4FA9-A40F-95E1BBDCD3D0}.AppStore|iPhone.Build.0 = Release|Any CPU
		{1557A9AF-730E-4FA9-A40F-95E1BBDCD3D0}.AppStore|iPhoneSimulator.ActiveCfg = Release|Any CPU
		{1557A9AF-730E-4FA9-A40F-95E1BBDCD3D0}.AppStore|iPhoneSimulator.Build.0 = Release|Any CPU
		{1557A9AF-730E-4FA9-A40F-95E1BBDCD3D0}.AppStore|x64.ActiveCfg = Release|Any CPU
		{1557A9AF-730E-4FA9-A40F-95E1BBDCD3D0}.AppStore|x64.Build.0 = Release|Any CPU
		{1557A9AF-730E-4FA9-A40F-95E1BBDCD3D0}.AppStore|x86.ActiveCfg = Release|Any CPU
		{1557A9AF-730E-4FA9-A40F-95E1BBDCD3D0}.AppStore|x86.Build.0 = Release|Any CPU
		{1557A9AF-730E-4FA9-A40F-95E1BBDCD3D0}.Debug|Any CPU.ActiveCfg = Debug|Any CPU
		{1557A9AF-730E-4FA9-A40F-95E1BBDCD3D0}.Debug|Any CPU.Build.0 = Debug|Any CPU
		{1557A9AF-730E-4FA9-A40F-95E1BBDCD3D0}.Debug|ARM.ActiveCfg = Debug|Any CPU
		{1557A9AF-730E-4FA9-A40F-95E1BBDCD3D0}.Debug|ARM.Build.0 = Debug|Any CPU
		{1557A9AF-730E-4FA9-A40F-95E1BBDCD3D0}.Debug|iPhone.ActiveCfg = Debug|Any CPU
		{1557A9AF-730E-4FA9-A40F-95E1BBDCD3D0}.Debug|iPhone.Build.0 = Debug|Any CPU
		{1557A9AF-730E-4FA9-A40F-95E1BBDCD3D0}.Debug|iPhoneSimulator.ActiveCfg = Debug|Any CPU
		{1557A9AF-730E-4FA9-A40F-95E1BBDCD3D0}.Debug|iPhoneSimulator.Build.0 = Debug|Any CPU
		{1557A9AF-730E-4FA9-A40F-95E1BBDCD3D0}.Debug|x64.ActiveCfg = Debug|Any CPU
		{1557A9AF-730E-4FA9-A40F-95E1BBDCD3D0}.Debug|x64.Build.0 = Debug|Any CPU
		{1557A9AF-730E-4FA9-A40F-95E1BBDCD3D0}.Debug|x86.ActiveCfg = Debug|Any CPU
		{1557A9AF-730E-4FA9-A40F-95E1BBDCD3D0}.Debug|x86.Build.0 = Debug|Any CPU
		{1557A9AF-730E-4FA9-A40F-95E1BBDCD3D0}.Release|Any CPU.ActiveCfg = Release|Any CPU
		{1557A9AF-730E-4FA9-A40F-95E1BBDCD3D0}.Release|Any CPU.Build.0 = Release|Any CPU
		{1557A9AF-730E-4FA9-A40F-95E1BBDCD3D0}.Release|ARM.ActiveCfg = Release|Any CPU
		{1557A9AF-730E-4FA9-A40F-95E1BBDCD3D0}.Release|ARM.Build.0 = Release|Any CPU
		{1557A9AF-730E-4FA9-A40F-95E1BBDCD3D0}.Release|iPhone.ActiveCfg = Release|Any CPU
		{1557A9AF-730E-4FA9-A40F-95E1BBDCD3D0}.Release|iPhone.Build.0 = Release|Any CPU
		{1557A9AF-730E-4FA9-A40F-95E1BBDCD3D0}.Release|iPhoneSimulator.ActiveCfg = Release|Any CPU
		{1557A9AF-730E-4FA9-A40F-95E1BBDCD3D0}.Release|iPhoneSimulator.Build.0 = Release|Any CPU
		{1557A9AF-730E-4FA9-A40F-95E1BBDCD3D0}.Release|x64.ActiveCfg = Release|Any CPU
		{1557A9AF-730E-4FA9-A40F-95E1BBDCD3D0}.Release|x64.Build.0 = Release|Any CPU
		{1557A9AF-730E-4FA9-A40F-95E1BBDCD3D0}.Release|x86.ActiveCfg = Release|Any CPU
		{1557A9AF-730E-4FA9-A40F-95E1BBDCD3D0}.Release|x86.Build.0 = Release|Any CPU
		{73508136-4029-44A7-AC38-97A49AFD0EC9}.Ad-Hoc|Any CPU.ActiveCfg = Release|Any CPU
		{73508136-4029-44A7-AC38-97A49AFD0EC9}.Ad-Hoc|Any CPU.Build.0 = Release|Any CPU
		{73508136-4029-44A7-AC38-97A49AFD0EC9}.Ad-Hoc|ARM.ActiveCfg = Release|Any CPU
		{73508136-4029-44A7-AC38-97A49AFD0EC9}.Ad-Hoc|ARM.Build.0 = Release|Any CPU
		{73508136-4029-44A7-AC38-97A49AFD0EC9}.Ad-Hoc|iPhone.ActiveCfg = Release|Any CPU
		{73508136-4029-44A7-AC38-97A49AFD0EC9}.Ad-Hoc|iPhone.Build.0 = Release|Any CPU
		{73508136-4029-44A7-AC38-97A49AFD0EC9}.Ad-Hoc|iPhoneSimulator.ActiveCfg = Release|Any CPU
		{73508136-4029-44A7-AC38-97A49AFD0EC9}.Ad-Hoc|iPhoneSimulator.Build.0 = Release|Any CPU
		{73508136-4029-44A7-AC38-97A49AFD0EC9}.Ad-Hoc|x64.ActiveCfg = Release|Any CPU
		{73508136-4029-44A7-AC38-97A49AFD0EC9}.Ad-Hoc|x64.Build.0 = Release|Any CPU
		{73508136-4029-44A7-AC38-97A49AFD0EC9}.Ad-Hoc|x86.ActiveCfg = Release|Any CPU
		{73508136-4029-44A7-AC38-97A49AFD0EC9}.Ad-Hoc|x86.Build.0 = Release|Any CPU
		{73508136-4029-44A7-AC38-97A49AFD0EC9}.AppStore|Any CPU.ActiveCfg = Release|Any CPU
		{73508136-4029-44A7-AC38-97A49AFD0EC9}.AppStore|Any CPU.Build.0 = Release|Any CPU
		{73508136-4029-44A7-AC38-97A49AFD0EC9}.AppStore|ARM.ActiveCfg = Release|Any CPU
		{73508136-4029-44A7-AC38-97A49AFD0EC9}.AppStore|ARM.Build.0 = Release|Any CPU
		{73508136-4029-44A7-AC38-97A49AFD0EC9}.AppStore|iPhone.ActiveCfg = Release|Any CPU
		{73508136-4029-44A7-AC38-97A49AFD0EC9}.AppStore|iPhone.Build.0 = Release|Any CPU
		{73508136-4029-44A7-AC38-97A49AFD0EC9}.AppStore|iPhoneSimulator.ActiveCfg = Release|Any CPU
		{73508136-4029-44A7-AC38-97A49AFD0EC9}.AppStore|iPhoneSimulator.Build.0 = Release|Any CPU
		{73508136-4029-44A7-AC38-97A49AFD0EC9}.AppStore|x64.ActiveCfg = Release|Any CPU
		{73508136-4029-44A7-AC38-97A49AFD0EC9}.AppStore|x64.Build.0 = Release|Any CPU
		{73508136-4029-44A7-AC38-97A49AFD0EC9}.AppStore|x86.ActiveCfg = Release|Any CPU
		{73508136-4029-44A7-AC38-97A49AFD0EC9}.AppStore|x86.Build.0 = Release|Any CPU
		{73508136-4029-44A7-AC38-97A49AFD0EC9}.Debug|Any CPU.ActiveCfg = Debug|Any CPU
		{73508136-4029-44A7-AC38-97A49AFD0EC9}.Debug|Any CPU.Build.0 = Debug|Any CPU
		{73508136-4029-44A7-AC38-97A49AFD0EC9}.Debug|ARM.ActiveCfg = Debug|Any CPU
		{73508136-4029-44A7-AC38-97A49AFD0EC9}.Debug|ARM.Build.0 = Debug|Any CPU
		{73508136-4029-44A7-AC38-97A49AFD0EC9}.Debug|iPhone.ActiveCfg = Debug|Any CPU
		{73508136-4029-44A7-AC38-97A49AFD0EC9}.Debug|iPhone.Build.0 = Debug|Any CPU
		{73508136-4029-44A7-AC38-97A49AFD0EC9}.Debug|iPhoneSimulator.ActiveCfg = Debug|Any CPU
		{73508136-4029-44A7-AC38-97A49AFD0EC9}.Debug|iPhoneSimulator.Build.0 = Debug|Any CPU
		{73508136-4029-44A7-AC38-97A49AFD0EC9}.Debug|x64.ActiveCfg = Debug|Any CPU
		{73508136-4029-44A7-AC38-97A49AFD0EC9}.Debug|x64.Build.0 = Debug|Any CPU
		{73508136-4029-44A7-AC38-97A49AFD0EC9}.Debug|x86.ActiveCfg = Debug|Any CPU
		{73508136-4029-44A7-AC38-97A49AFD0EC9}.Debug|x86.Build.0 = Debug|Any CPU
		{73508136-4029-44A7-AC38-97A49AFD0EC9}.Release|Any CPU.ActiveCfg = Release|Any CPU
		{73508136-4029-44A7-AC38-97A49AFD0EC9}.Release|Any CPU.Build.0 = Release|Any CPU
		{73508136-4029-44A7-AC38-97A49AFD0EC9}.Release|ARM.ActiveCfg = Release|Any CPU
		{73508136-4029-44A7-AC38-97A49AFD0EC9}.Release|ARM.Build.0 = Release|Any CPU
		{73508136-4029-44A7-AC38-97A49AFD0EC9}.Release|iPhone.ActiveCfg = Release|Any CPU
		{73508136-4029-44A7-AC38-97A49AFD0EC9}.Release|iPhone.Build.0 = Release|Any CPU
		{73508136-4029-44A7-AC38-97A49AFD0EC9}.Release|iPhoneSimulator.ActiveCfg = Release|Any CPU
		{73508136-4029-44A7-AC38-97A49AFD0EC9}.Release|iPhoneSimulator.Build.0 = Release|Any CPU
		{73508136-4029-44A7-AC38-97A49AFD0EC9}.Release|x64.ActiveCfg = Release|Any CPU
		{73508136-4029-44A7-AC38-97A49AFD0EC9}.Release|x64.Build.0 = Release|Any CPU
		{73508136-4029-44A7-AC38-97A49AFD0EC9}.Release|x86.ActiveCfg = Release|Any CPU
		{73508136-4029-44A7-AC38-97A49AFD0EC9}.Release|x86.Build.0 = Release|Any CPU
	EndGlobalSection
	GlobalSection(SolutionProperties) = preSolution
		HideSolutionNode = FALSE
	EndGlobalSection
	GlobalSection(ExtensibilityGlobals) = postSolution
		SolutionGuid = {0AF64602-9696-45A4-BA0E-060603D525A9}
	EndGlobalSection
EndGlobal
